
Microsoft Visual Studio Solution File, Format Version 12.00
# Visual Studio 2012
Project("{FAE04EC0-301F-11D3-BF4B-00C04F79EFBC}") = "Colectica.SampleAddins", "Colectica.SampleAddins\Colectica.SampleAddins.csproj", "{59E293C7-4157-4B7A-8EF0-D35C41051A0B}"
EndProject
Global
	GlobalSection(SolutionConfigurationPlatforms) = preSolution
		Debug|Any CPU = Debug|Any CPU
		Release|Any CPU = Release|Any CPU
	EndGlobalSection
	GlobalSection(ProjectConfigurationPlatforms) = postSolution
		{59E293C7-4157-4B7A-8EF0-D35C41051A0B}.Debug|Any CPU.ActiveCfg = Debug|Any CPU
		{59E293C7-4157-4B7A-8EF0-D35C41051A0B}.Debug|Any CPU.Build.0 = Debug|Any CPU
		{59E293C7-4157-4B7A-8EF0-D35C41051A0B}.Release|Any CPU.ActiveCfg = Release|Any CPU
		{59E293C7-4157-4B7A-8EF0-D35C41051A0B}.Release|Any CPU.Build.0 = Release|Any CPU
	EndGlobalSection
	GlobalSection(SolutionProperties) = preSolution
		HideSolutionNode = FALSE
	EndGlobalSection
EndGlobal
